
Microsoft Visual Studio Solution File, Format Version 12.00
# Visual Studio 15
VisualStudioVersion = 15.0.28307.168
MinimumVisualStudioVersion = 10.0.40219.1
Project("{FAE04EC0-301F-11D3-BF4B-00C04F79EFBC}") = "CampingEntranceApp", "CampingEntranceApp\CampingEntranceApp.csproj", "{9AE74A5E-2121-44D8-9F67-53256ADFE096}"
EndProject
Global
	GlobalSection(SolutionConfigurationPlatforms) = preSolution
		Debug|Any CPU = Debug|Any CPU
		Release|Any CPU = Release|Any CPU
	EndGlobalSection
	GlobalSection(ProjectConfigurationPlatforms) = postSolution
		{9AE74A5E-2121-44D8-9F67-53256ADFE096}.Debug|Any CPU.ActiveCfg = Debug|Any CPU
		{9AE74A5E-2121-44D8-9F67-53256ADFE096}.Debug|Any CPU.Build.0 = Debug|Any CPU
		{9AE74A5E-2121-44D8-9F67-53256ADFE096}.Release|Any CPU.ActiveCfg = Release|Any CPU
		{9AE74A5E-2121-44D8-9F67-53256ADFE096}.Release|Any CPU.Build.0 = Release|Any CPU
	EndGlobalSection
	GlobalSection(SolutionProperties) = preSolution
		HideSolutionNode = FALSE
	EndGlobalSection
	GlobalSection(ExtensibilityGlobals) = postSolution
		SolutionGuid = {6B4A174D-FCE0-43B8-B653-4814F743B140}
	EndGlobalSection
EndGlobal
