
Microsoft Visual Studio Solution File, Format Version 12.00
# Visual Studio 15
VisualStudioVersion = 15.0.28307.168
MinimumVisualStudioVersion = 10.0.40219.1
Project("{FAE04EC0-301F-11D3-BF4B-00C04F79EFBC}") = "EntranceLeavingApp", "EntranceLeavingApp\EntranceLeavingApp.csproj", "{B815C4BD-FB3C-4795-88EE-16B1CC916311}"
EndProject
Global
	GlobalSection(SolutionConfigurationPlatforms) = preSolution
		Debug|Any CPU = Debug|Any CPU
		Release|Any CPU = Release|Any CPU
	EndGlobalSection
	GlobalSection(ProjectConfigurationPlatforms) = postSolution
		{B815C4BD-FB3C-4795-88EE-16B1CC916311}.Debug|Any CPU.ActiveCfg = Debug|Any CPU
		{B815C4BD-FB3C-4795-88EE-16B1CC916311}.Debug|Any CPU.Build.0 = Debug|Any CPU
		{B815C4BD-FB3C-4795-88EE-16B1CC916311}.Release|Any CPU.ActiveCfg = Release|Any CPU
		{B815C4BD-FB3C-4795-88EE-16B1CC916311}.Release|Any CPU.Build.0 = Release|Any CPU
	EndGlobalSection
	GlobalSection(SolutionProperties) = preSolution
		HideSolutionNode = FALSE
	EndGlobalSection
	GlobalSection(ExtensibilityGlobals) = postSolution
		SolutionGuid = {08506A07-0880-4337-B3DF-EB58E3A51BD3}
	EndGlobalSection
EndGlobal
